
Microsoft Visual Studio Solution File, Format Version 12.00
# Visual Studio Version 17
VisualStudioVersion = 17.14.36616.10 d17.14
MinimumVisualStudioVersion = 10.0.40219.1
Project("{FAE04EC0-301F-11D3-BF4B-00C04F79EFBC}") = "laba13", "laba13\laba13.csproj", "{938B99FA-4C10-4AA7-B20B-40AC94DA42C1}"
EndProject
Global
	GlobalSection(SolutionConfigurationPlatforms) = preSolution
		Debug|Any CPU = Debug|Any CPU
		Release|Any CPU = Release|Any CPU
	EndGlobalSection
	GlobalSection(ProjectConfigurationPlatforms) = postSolution
		{938B99FA-4C10-4AA7-B20B-40AC94DA42C1}.Debug|Any CPU.ActiveCfg = Debug|Any CPU
		{938B99FA-4C10-4AA7-B20B-40AC94DA42C1}.Debug|Any CPU.Build.0 = Debug|Any CPU
		{938B99FA-4C10-4AA7-B20B-40AC94DA42C1}.Release|Any CPU.ActiveCfg = Release|Any CPU
		{938B99FA-4C10-4AA7-B20B-40AC94DA42C1}.Release|Any CPU.Build.0 = Release|Any CPU
	EndGlobalSection
	GlobalSection(SolutionProperties) = preSolution
		HideSolutionNode = FALSE
	EndGlobalSection
	GlobalSection(ExtensibilityGlobals) = postSolution
		SolutionGuid = {30BC8617-2A15-4110-9060-AA31E8E5787A}
	EndGlobalSection
EndGlobal
