
Microsoft Visual Studio Solution File, Format Version 12.00
# Visual Studio Version 17
VisualStudioVersion = 17.13.35828.75 d17.13
MinimumVisualStudioVersion = 10.0.40219.1
Project("{FAE04EC0-301F-11D3-BF4B-00C04F79EFBC}") = "Laba_12", "Laba_12\Laba_12.csproj", "{D49DFC4B-C6AE-4231-8ACF-E4D78A94D10F}"
EndProject
Project("{FAE04EC0-301F-11D3-BF4B-00C04F79EFBC}") = "сВЕТОФОР", "сВЕТОФОР\сВЕТОФОР.csproj", "{A66F0CAF-D6B8-44E3-A678-DABC85303CC0}"
EndProject
Project("{FAE04EC0-301F-11D3-BF4B-00C04F79EFBC}") = "Калькулятор", "Калькулятор\Калькулятор.csproj", "{2F35E0B6-DE76-4ACF-8513-30C15C17C206}"
EndProject
Global
	GlobalSection(SolutionConfigurationPlatforms) = preSolution
		Debug|Any CPU = Debug|Any CPU
		Release|Any CPU = Release|Any CPU
	EndGlobalSection
	GlobalSection(ProjectConfigurationPlatforms) = postSolution
		{D49DFC4B-C6AE-4231-8ACF-E4D78A94D10F}.Debug|Any CPU.ActiveCfg = Debug|Any CPU
		{D49DFC4B-C6AE-4231-8ACF-E4D78A94D10F}.Debug|Any CPU.Build.0 = Debug|Any CPU
		{D49DFC4B-C6AE-4231-8ACF-E4D78A94D10F}.Release|Any CPU.ActiveCfg = Release|Any CPU
		{D49DFC4B-C6AE-4231-8ACF-E4D78A94D10F}.Release|Any CPU.Build.0 = Release|Any CPU
		{A66F0CAF-D6B8-44E3-A678-DABC85303CC0}.Debug|Any CPU.ActiveCfg = Debug|Any CPU
		{A66F0CAF-D6B8-44E3-A678-DABC85303CC0}.Debug|Any CPU.Build.0 = Debug|Any CPU
		{A66F0CAF-D6B8-44E3-A678-DABC85303CC0}.Release|Any CPU.ActiveCfg = Release|Any CPU
		{A66F0CAF-D6B8-44E3-A678-DABC85303CC0}.Release|Any CPU.Build.0 = Release|Any CPU
		{2F35E0B6-DE76-4ACF-8513-30C15C17C206}.Debug|Any CPU.ActiveCfg = Debug|Any CPU
		{2F35E0B6-DE76-4ACF-8513-30C15C17C206}.Debug|Any CPU.Build.0 = Debug|Any CPU
		{2F35E0B6-DE76-4ACF-8513-30C15C17C206}.Release|Any CPU.ActiveCfg = Release|Any CPU
		{2F35E0B6-DE76-4ACF-8513-30C15C17C206}.Release|Any CPU.Build.0 = Release|Any CPU
	EndGlobalSection
	GlobalSection(SolutionProperties) = preSolution
		HideSolutionNode = FALSE
	EndGlobalSection
	GlobalSection(ExtensibilityGlobals) = postSolution
		SolutionGuid = {C0012DC0-9301-458C-AC99-14470E7EE8E2}
	EndGlobalSection
EndGlobal
